
Microsoft Visual Studio Solution File, Format Version 12.00
# Visual Studio Version 16
VisualStudioVersion = 16.0.31702.278
MinimumVisualStudioVersion = 10.0.40219.1
Project("{FAE04EC0-301F-11D3-BF4B-00C04F79EFBC}") = "Bookish", "Bookish\Bookish.csproj", "{FE8C0A7C-EDE8-4860-9523-02367D291346}"
EndProject
Project("{FAE04EC0-301F-11D3-BF4B-00C04F79EFBC}") = "Bookish.DataAccess", "Bookish.DataAccess\Bookish.DataAccess.csproj", "{2D820E0A-3A31-4851-9E88-2D3A8A583539}"
EndProject
Global
	GlobalSection(SolutionConfigurationPlatforms) = preSolution
		Debug|Any CPU = Debug|Any CPU
		Release|Any CPU = Release|Any CPU
	EndGlobalSection
	GlobalSection(ProjectConfigurationPlatforms) = postSolution
		{FE8C0A7C-EDE8-4860-9523-02367D291346}.Debug|Any CPU.ActiveCfg = Debug|Any CPU
		{FE8C0A7C-EDE8-4860-9523-02367D291346}.Debug|Any CPU.Build.0 = Debug|Any CPU
		{FE8C0A7C-EDE8-4860-9523-02367D291346}.Release|Any CPU.ActiveCfg = Release|Any CPU
		{FE8C0A7C-EDE8-4860-9523-02367D291346}.Release|Any CPU.Build.0 = Release|Any CPU
		{2D820E0A-3A31-4851-9E88-2D3A8A583539}.Debug|Any CPU.ActiveCfg = Debug|Any CPU
		{2D820E0A-3A31-4851-9E88-2D3A8A583539}.Debug|Any CPU.Build.0 = Debug|Any CPU
		{2D820E0A-3A31-4851-9E88-2D3A8A583539}.Release|Any CPU.ActiveCfg = Release|Any CPU
		{2D820E0A-3A31-4851-9E88-2D3A8A583539}.Release|Any CPU.Build.0 = Release|Any CPU
	EndGlobalSection
	GlobalSection(SolutionProperties) = preSolution
		HideSolutionNode = FALSE
	EndGlobalSection
	GlobalSection(ExtensibilityGlobals) = postSolution
		SolutionGuid = {D36FA686-A6A7-45C9-AAB8-3A28F1F659DD}
	EndGlobalSection
EndGlobal
